// !$*UTF8*$!
{
	archiveVersion = 1;
	classes = {
	};
	objectVersion = 46;
	objects = {

/* Begin PBXBuildFile section */
		52BA5BA51DB85485009A4921 /* main.m in Sources */ = {isa = PBXBuildFile; fileRef = 52BA5BA41DB85485009A4921 /* main.m */; };
		52BA5BA81DB85485009A4921 /* AppDelegate.m in Sources */ = {isa = PBXBuildFile; fileRef = 52BA5BA71DB85485009A4921 /* AppDelegate.m */; };
		52BA5BAB1DB85485009A4921 /* ViewController.m in Sources */ = {isa = PBXBuildFile; fileRef = 52BA5BAA1DB85485009A4921 /* ViewController.m */; };
		52BA5BAE1DB85485009A4921 /* Main.storyboard in Resources */ = {isa = PBXBuildFile; fileRef = 52BA5BAC1DB85485009A4921 /* Main.storyboard */; };
		52BA5BB01DB85485009A4921 /* Assets.xcassets in Resources */ = {isa = PBXBuildFile; fileRef = 52BA5BAF1DB85485009A4921 /* Assets.xcassets */; };
		52BA5BB31DB85485009A4921 /* LaunchScreen.storyboard in Resources */ = {isa = PBXBuildFile; fileRef = 52BA5BB11DB85485009A4921 /* LaunchScreen.storyboard */; };
		52BA5BBE1DB85485009A4921 /* GitHub_TestTests.m in Sources */ = {isa = PBXBuildFile; fileRef = 52BA5BBD1DB85485009A4921 /* GitHub_TestTests.m */; };
		52BA5BC91DB85485009A4921 /* GitHub_TestUITests.m in Sources */ = {isa = PBXBuildFile; fileRef = 52BA5BC81DB85485009A4921 /* GitHub_TestUITests.m */; };
/* End PBXBuildFile section */

/* Begin PBXContainerItemProxy section */
		52BA5BBA1DB85485009A4921 /* PBXContainerItemProxy */ = {
			isa = PBXContainerItemProxy;
			containerPortal = 52BA5B981DB85485009A4921 /* Project object */;
			proxyType = 1;
			remoteGlobalIDString = 52BA5B9F1DB85485009A4921;
			remoteInfo = GitHub_Test;
		};
		52BA5BC51DB85485009A4921 /* PBXContainerItemProxy */ = {
			isa = PBXContainerItemProxy;
			containerPortal = 52BA5B981DB85485009A4921 /* Project object */;
			proxyType = 1;
			remoteGlobalIDString = 52BA5B9F1DB85485009A4921;
			remoteInfo = GitHub_Test;
		};
/* End PBXContainerItemProxy section */

/* Begin PBXFileReference section */
		52BA5BA01DB85485009A4921 /* GitHub_Test.app */ = {isa = PBXFileReference; explicitFileType = wrapper.application; includeInIndex = 0; path = GitHub_Test.app; sourceTree = BUILT_PRODUCTS_DIR; };
		52BA5BA41DB85485009A4921 /* main.m */ = {isa = PBXFileReference; lastKnownFileType = sourcecode.c.objc; path = main.m; sourceTree = "<group>"; };
		52BA5BA61DB85485009A4921 /* AppDelegate.h */ = {isa = PBXFileReference; lastKnownFileType = sourcecode.c.h; path = AppDelegate.h; sourceTree = "<group>"; };
		52BA5BA71DB85485009A4921 /* AppDelegate.m */ = {isa = PBXFileReference; lastKnownFileType = sourcecode.c.objc; path = AppDelegate.m; sourceTree = "<group>"; };
		52BA5BA91DB85485009A4921 /* ViewController.h */ = {isa = PBXFileReference; lastKnownFileType = sourcecode.c.h; path = ViewController.h; sourceTree = "<group>"; };
		52BA5BAA1DB85485009A4921 /* ViewController.m */ = {isa = PBXFileReference; lastKnownFileType = sourcecode.c.objc; path = ViewController.m; sourceTree = "<group>"; };
		52BA5BAD1DB85485009A4921 /* Base */ = {isa = PBXFileReference; lastKnownFileType = file.storyboard; name = Base; path = Base.lproj/Main.storyboard; sourceTree = "<group>"; };
		52BA5BAF1DB85485009A4921 /* Assets.xcassets */ = {isa = PBXFileReference; lastKnownFileType = folder.assetcatalog; path = Assets.xcassets; sourceTree = "<group>"; };
		52BA5BB21DB85485009A4921 /* Base */ = {isa = PBXFileReference; lastKnownFileType = file.storyboard; name = Base; path = Base.lproj/LaunchScreen.storyboard; sourceTree = "<group>"; };
		52BA5BB41DB85485009A4921 /* Info.plist */ = {isa = PBXFileReference; lastKnownFileType = text.plist.xml; path = Info.plist; sourceTree = "<group>"; };
		52BA5BB91DB85485009A4921 /* GitHub_TestTests.xctest */ = {isa = PBXFileReference; explicitFileType = wrapper.cfbundle; includeInIndex = 0; path = GitHub_TestTests.xctest; sourceTree = BUILT_PRODUCTS_DIR; };
		52BA5BBD1DB85485009A4921 /* GitHub_TestTests.m */ = {isa = PBXFileReference; lastKnownFileType = sourcecode.c.objc; path = GitHub_TestTests.m; sourceTree = "<group>"; };
		52BA5BBF1DB85485009A4921 /* Info.plist */ = {isa = PBXFileReference; lastKnownFileType = text.plist.xml; path = Info.plist; sourceTree = "<group>"; };
		52BA5BC41DB85485009A4921 /* GitHub_TestUITests.xctest */ = {isa = PBXFileReference; explicitFileType = wrapper.cfbundle; includeInIndex = 0; path = GitHub_TestUITests.xctest; sourceTree = BUILT_PRODUCTS_DIR; };
		52BA5BC81DB85485009A4921 /* GitHub_TestUITests.m */ = {isa = PBXFileReference; lastKnownFileType = sourcecode.c.objc; path = GitHub_TestUITests.m; sourceTree = "<group>"; };
		52BA5BCA1DB85485009A4921 /* Info.plist */ = {isa = PBXFileReference; lastKnownFileType = text.plist.xml; path = Info.plist; sourceTree = "<group>"; };
/* End PBXFileReference section */

/* Begin PBXFrameworksBuildPhase section */
		52BA5B9D1DB85485009A4921 /* Frameworks */ = {
			isa = PBXFrameworksBuildPhase;
			buildActionMask = 2147483647;
			files = (
			);
			runOnlyForDeploymentPostprocessing = 0;
		};
		52BA5BB61DB85485009A4921 /* Frameworks */ = {
			isa = PBXFrameworksBuildPhase;
			buildActionMask = 2147483647;
			files = (
			);
			runOnlyForDeploymentPostprocessing = 0;
		};
		52BA5BC11DB85485009A4921 /* Frameworks */ = {
			isa = PBXFrameworksBuildPhase;
			buildActionMask = 2147483647;
			files = (
			);
			runOnlyForDeploymentPostprocessing = 0;
		};
/* End PBXFrameworksBuildPhase section */

/* Begin PBXGroup section */
		52BA5B971DB85485009A4921 = {
			isa = PBXGroup;
			children = (
				52BA5BA21DB85485009A4921 /* GitHub_Test */,
				52BA5BBC1DB85485009A4921 /* GitHub_TestTests */,
				52BA5BC71DB85485009A4921 /* GitHub_TestUITests */,
				52BA5BA11DB85485009A4921 /* Products */,
			);
			sourceTree = "<group>";
		};
		52BA5BA11DB85485009A4921 /* Products */ = {
			isa = PBXGroup;
			children = (
				52BA5BA01DB85485009A4921 /* GitHub_Test.app */,
				52BA5BB91DB85485009A4921 /* GitHub_TestTests.xctest */,
				52BA5BC41DB85485009A4921 /* GitHub_TestUITests.xctest */,
			);
			name = Products;
			sourceTree = "<group>";
		};
		52BA5BA21DB85485009A4921 /* GitHub_Test */ = {
			isa = PBXGroup;
			children = (
				52BA5BA61DB85485009A4921 /* AppDelegate.h */,
				52BA5BA71DB85485009A4921 /* AppDelegate.m */,
				52BA5BA91DB85485009A4921 /* ViewController.h */,
				52BA5BAA1DB85485009A4921 /* ViewController.m */,
				52BA5BAC1DB85485009A4921 /* Main.storyboard */,
				52BA5BAF1DB85485009A4921 /* Assets.xcassets */,
				52BA5BB11DB85485009A4921 /* LaunchScreen.storyboard */,
				52BA5BB41DB85485009A4921 /* Info.plist */,
				52BA5BA31DB85485009A4921 /* Supporting Files */,
			);
			path = GitHub_Test;
			sourceTree = "<group>";
		};
		52BA5BA31DB85485009A4921 /* Supporting Files */ = {
			isa = PBXGroup;
			children = (
				52BA5BA41DB85485009A4921 /* main.m */,
			);
			name = "Supporting Files";
			sourceTree = "<group>";
		};
		52BA5BBC1DB85485009A4921 /* GitHub_TestTests */ = {
			isa = PBXGroup;
			children = (
				52BA5BBD1DB85485009A4921 /* GitHub_TestTests.m */,
				52BA5BBF1DB85485009A4921 /* Info.plist */,
			);
			path = GitHub_TestTests;
			sourceTree = "<group>";
		};
		52BA5BC71DB85485009A4921 /* GitHub_TestUITests */ = {
			isa = PBXGroup;
			children = (
				52BA5BC81DB85485009A4921 /* GitHub_TestUITests.m */,
				52BA5BCA1DB85485009A4921 /* Info.plist */,
			);
			path = GitHub_TestUITests;
			sourceTree = "<group>";
		};
/* End PBXGroup section */

/* Begin PBXNativeTarget section */
		52BA5B9F1DB85485009A4921 /* GitHub_Test */ = {
			isa = PBXNativeTarget;
			buildConfigurationList = 52BA5BCD1DB85485009A4921 /* Build configuration list for PBXNativeTarget "GitHub_Test" */;
			buildPhases = (
				52BA5B9C1DB85485009A4921 /* Sources */,
				52BA5B9D1DB85485009A4921 /* Frameworks */,
				52BA5B9E1DB85485009A4921 /* Resources */,
			);
			buildRules = (
			);
			dependencies = (
			);
			name = GitHub_Test;
			productName = GitHub_Test;
			productReference = 52BA5BA01DB85485009A4921 /* GitHub_Test.app */;
			productType = "com.apple.product-type.application";
		};
		52BA5BB81DB85485009A4921 /* GitHub_TestTests */ = {
			isa = PBXNativeTarget;
			buildConfigurationList = 52BA5BD01DB85485009A4921 /* Build configuration list for PBXNativeTarget "GitHub_TestTests" */;
			buildPhases = (
				52BA5BB51DB85485009A4921 /* Sources */,
				52BA5BB61DB85485009A4921 /* Frameworks */,
				52BA5BB71DB85485009A4921 /* Resources */,
			);
			buildRules = (
			);
			dependencies = (
				52BA5BBB1DB85485009A4921 /* PBXTargetDependency */,
			);
			name = GitHub_TestTests;
			productName = GitHub_TestTests;
			productReference = 52BA5BB91DB85485009A4921 /* GitHub_TestTests.xctest */;
			productType = "com.apple.product-type.bundle.unit-test";
		};
		52BA5BC31DB85485009A4921 /* GitHub_TestUITests */ = {
			isa = PBXNativeTarget;
			buildConfigurationList = 52BA5BD31DB85485009A4921 /* Build configuration list for PBXNativeTarget "GitHub_TestUITests" */;
			buildPhases = (
				52BA5BC01DB85485009A4921 /* Sources */,
				52BA5BC11DB85485009A4921 /* Frameworks */,
				52BA5BC21DB85485009A4921 /* Resources */,
			);
			buildRules = (
			);
			dependencies = (
				52BA5BC61DB85485009A4921 /* PBXTargetDependency */,
			);
			name = GitHub_TestUITests;
			productName = GitHub_TestUITests;
			productReference = 52BA5BC41DB85485009A4921 /* GitHub_TestUITests.xctest */;
			productType = "com.apple.product-type.bundle.ui-testing";
		};
/* End PBXNativeTarget section */

/* Begin PBXProject section */
		52BA5B981DB85485009A4921 /* Project object */ = {
			isa = PBXProject;
			attributes = {
				LastUpgradeCheck = 0800;
				ORGANIZATIONNAME = "MacBook Pro";
				TargetAttributes = {
					52BA5B9F1DB85485009A4921 = {
						CreatedOnToolsVersion = 8.0;
						DevelopmentTeam = 7QPWGYZXGC;
						ProvisioningStyle = Automatic;
					};
					52BA5BB81DB85485009A4921 = {
						CreatedOnToolsVersion = 8.0;
						DevelopmentTeam = 7QPWGYZXGC;
						ProvisioningStyle = Automatic;
						TestTargetID = 52BA5B9F1DB85485009A4921;
					};
					52BA5BC31DB85485009A4921 = {
						CreatedOnToolsVersion = 8.0;
						DevelopmentTeam = 7QPWGYZXGC;
						ProvisioningStyle = Automatic;
						TestTargetID = 52BA5B9F1DB85485009A4921;
					};
				};
			};
			buildConfigurationList = 52BA5B9B1DB85485009A4921 /* Build configuration list for PBXProject "GitHub_Test" */;
			compatibilityVersion = "Xcode 3.2";
			developmentRegion = English;
			hasScannedForEncodings = 0;
			knownRegions = (
				en,
				Base,
			);
			mainGroup = 52BA5B971DB85485009A4921;
			productRefGroup = 52BA5BA11DB85485009A4921 /* Products */;
			projectDirPath = "";
			projectRoot = "";
			targets = (
				52BA5B9F1DB85485009A4921 /* GitHub_Test */,
				52BA5BB81DB85485009A4921 /* GitHub_TestTests */,
				52BA5BC31DB85485009A4921 /* GitHub_TestUITests */,
			);
		};
/* End PBXProject section */

/* Begin PBXResourcesBuildPhase section */
		52BA5B9E1DB85485009A4921 /* Resources */ = {
			isa = PBXResourcesBuildPhase;
			buildActionMask = 2147483647;
			files = (
				52BA5BB31DB85485009A4921 /* LaunchScreen.storyboard in Resources */,
				52BA5BB01DB85485009A4921 /* Assets.xcassets in Resources */,
				52BA5BAE1DB85485009A4921 /* Main.storyboard in Resources */,
			);
			runOnlyForDeploymentPostprocessing = 0;
		};
		52BA5BB71DB85485009A4921 /* Resources */ = {
			isa = PBXResourcesBuildPhase;
			buildActionMask = 2147483647;
			files = (
			);
			runOnlyForDeploymentPostprocessing = 0;
		};
		52BA5BC21DB85485009A4921 /* Resources */ = {
			isa = PBXResourcesBuildPhase;
			buildActionMask = 2147483647;
			files = (
			);
			runOnlyForDeploymentPostprocessing = 0;
		};
/* End PBXResourcesBuildPhase section */

/* Begin PBXSourcesBuildPhase section */
		52BA5B9C1DB85485009A4921 /* Sources */ = {
			isa = PBXSourcesBuildPhase;
			buildActionMask = 2147483647;
			files = (
				52BA5BAB1DB85485009A4921 /* ViewController.m in Sources */,
				52BA5BA81DB85485009A4921 /* AppDelegate.m in Sources */,
				52BA5BA51DB85485009A4921 /* main.m in Sources */,
			);
			runOnlyForDeploymentPostprocessing = 0;
		};
		52BA5BB51DB85485009A4921 /* Sources */ = {
			isa = PBXSourcesBuildPhase;
			buildActionMask = 2147483647;
			files = (
				52BA5BBE1DB85485009A4921 /* GitHub_TestTests.m in Sources */,
			);
			runOnlyForDeploymentPostprocessing = 0;
		};
		52BA5BC01DB85485009A4921 /* Sources */ = {
			isa = PBXSourcesBuildPhase;
			buildActionMask = 2147483647;
			files = (
				52BA5BC91DB85485009A4921 /* GitHub_TestUITests.m in Sources */,
			);
			runOnlyForDeploymentPostprocessing = 0;
		};
/* End PBXSourcesBuildPhase section */

/* Begin PBXTargetDependency section */
		52BA5BBB1DB85485009A4921 /* PBXTargetDependency */ = {
			isa = PBXTargetDependency;
			target = 52BA5B9F1DB85485009A4921 /* GitHub_Test */;
			targetProxy = 52BA5BBA1DB85485009A4921 /* PBXContainerItemProxy */;
		};
		52BA5BC61DB85485009A4921 /* PBXTargetDependency */ = {
			isa = PBXTargetDependency;
			target = 52BA5B9F1DB85485009A4921 /* GitHub_Test */;
			targetProxy = 52BA5BC51DB85485009A4921 /* PBXContainerItemProxy */;
		};
/* End PBXTargetDependency section */

/* Begin PBXVariantGroup section */
		52BA5BAC1DB85485009A4921 /* Main.storyboard */ = {
			isa = PBXVariantGroup;
			children = (
				52BA5BAD1DB85485009A4921 /* Base */,
			);
			name = Main.storyboard;
			sourceTree = "<group>";
		};
		52BA5BB11DB85485009A4921 /* LaunchScreen.storyboard */ = {
			isa = PBXVariantGroup;
			children = (
				52BA5BB21DB85485009A4921 /* Base */,
			);
			name = LaunchScreen.storyboard;
			sourceTree = "<group>";
		};
/* End PBXVariantGroup section */

/* Begin XCBuildConfiguration section */
		52BA5BCB1DB85485009A4921 /* Debug */ = {
			isa = XCBuildConfiguration;
			buildSettings = {
				ALWAYS_SEARCH_USER_PATHS = NO;
				CLANG_ANALYZER_NONNULL = YES;
				CLANG_CXX_LANGUAGE_STANDARD = "gnu++0x";
				CLANG_CXX_LIBRARY = "libc++";
				CLANG_ENABLE_MODULES = YES;
				CLANG_ENABLE_OBJC_ARC = YES;
				CLANG_WARN_BOOL_CONVERSION = YES;
				CLANG_WARN_CONSTANT_CONVERSION = YES;
				CLANG_WARN_DIRECT_OBJC_ISA_USAGE = YES_ERROR;
				CLANG_WARN_DOCUMENTATION_COMMENTS = YES;
				CLANG_WARN_EMPTY_BODY = YES;
				CLANG_WARN_ENUM_CONVERSION = YES;
				CLANG_WARN_INFINITE_RECURSION = YES;
				CLANG_WARN_INT_CONVERSION = YES;
				CLANG_WARN_OBJC_ROOT_CLASS = YES_ERROR;
				CLANG_WARN_SUSPICIOUS_MOVES = YES;
				CLANG_WARN_UNREACHABLE_CODE = YES;
				CLANG_WARN__DUPLICATE_METHOD_MATCH = YES;
				"CODE_SIGN_IDENTITY[sdk=iphoneos*]" = "iPhone Developer";
				COPY_PHASE_STRIP = NO;
				DEBUG_INFORMATION_FORMAT = dwarf;
				ENABLE_STRICT_OBJC_MSGSEND = YES;
				ENABLE_TESTABILITY = YES;
				GCC_C_LANGUAGE_STANDARD = gnu99;
				GCC_DYNAMIC_NO_PIC = NO;
				GCC_NO_COMMON_BLOCKS = YES;
				GCC_OPTIMIZATION_LEVEL = 0;
				GCC_PREPROCESSOR_DEFINITIONS = (
					"DEBUG=1",
					"$(inherited)",
				);
				GCC_WARN_64_TO_32_BIT_CONVERSION = YES;
				GCC_WARN_ABOUT_RETURN_TYPE = YES_ERROR;
				GCC_WARN_UNDECLARED_SELECTOR = YES;
				GCC_WARN_UNINITIALIZED_AUTOS = YES_AGGRESSIVE;
				GCC_WARN_UNUSED_FUNCTION = YES;
				GCC_WARN_UNUSED_VARIABLE = YES;
				IPHONEOS_DEPLOYMENT_TARGET = 10.0;
				MTL_ENABLE_DEBUG_INFO = YES;
				ONLY_ACTIVE_ARCH = YES;
				SDKROOT = iphoneos;
				TARGETED_DEVICE_FAMILY = "1,2";
			};
			name = Debug;
		};
		52BA5BCC1DB85485009A4921 /* Release */ = {
			isa = XCBuildConfiguration;
			buildSettings = {
				ALWAYS_SEARCH_USER_PATHS = NO;
				CLANG_ANALYZER_NONNULL = YES;
				CLANG_CXX_LANGUAGE_STANDARD = "gnu++0x";
				CLANG_CXX_LIBRARY = "libc++";
				CLANG_ENABLE_MODULES = YES;
				CLANG_ENABLE_OBJC_ARC = YES;
				CLANG_WARN_BOOL_CONVERSION = YES;
				CLANG_WARN_CONSTANT_CONVERSION = YES;
				CLANG_WARN_DIRECT_OBJC_ISA_USAGE = YES_ERROR;
				CLANG_WARN_DOCUMENTATION_COMMENTS = YES;
				CLANG_WARN_EMPTY_BODY = YES;
				CLANG_WARN_ENUM_CONVERSION = YES;
				CLANG_WARN_INFINITE_RECURSION = YES;
				CLANG_WARN_INT_CONVERSION = YES;
				CLANG_WARN_OBJC_ROOT_CLASS = YES_ERROR;
				CLANG_WARN_SUSPICIOUS_MOVES = YES;
				CLANG_WARN_UNREACHABLE_CODE = YES;
				CLANG_WARN__DUPLICATE_METHOD_MATCH = YES;
				"CODE_SIGN_IDENTITY[sdk=iphoneos*]" = "iPhone Developer";
				COPY_PHASE_STRIP = NO;
				DEBUG_INFORMATION_FORMAT = "dwarf-with-dsym";
				ENABLE_NS_ASSERTIONS = NO;
				ENABLE_STRICT_OBJC_MSGSEND = YES;
				GCC_C_LANGUAGE_STANDARD = gnu99;
				GCC_NO_COMMON_BLOCKS = YES;
				GCC_WARN_64_TO_32_BIT_CONVERSION = YES;
				GCC_WARN_ABOUT_RETURN_TYPE = YES_ERROR;
				GCC_WARN_UNDECLARED_SELECTOR = YES;
				GCC_WARN_UNINITIALIZED_AUTOS = YES_AGGRESSIVE;
				GCC_WARN_UNUSED_FUNCTION = YES;
				GCC_WARN_UNUSED_VARIABLE = YES;
				IPHONEOS_DEPLOYMENT_TARGET = 10.0;
				MTL_ENABLE_DEBUG_INFO = NO;
				SDKROOT = iphoneos;
				TARGETED_DEVICE_FAMILY = "1,2";
				VALIDATE_PRODUCT = YES;
			};
			name = Release;
		};
		52BA5BCE1DB85485009A4921 /* Debug */ = {
			isa = XCBuildConfiguration;
			buildSettings = {
				ASSETCATALOG_COMPILER_APPICON_NAME = AppIcon;
				DEVELOPMENT_TEAM = 7QPWGYZXGC;
				INFOPLIST_FILE = GitHub_Test/Info.plist;
				LD_RUNPATH_SEARCH_PATHS = "$(inherited) @executable_path/Frameworks";
				PRODUCT_BUNDLE_IDENTIFIER = "com.qsztx.GitHub-Test";
				PRODUCT_NAME = "$(TARGET_NAME)";
			};
			name = Debug;
		};
		52BA5BCF1DB85485009A4921 /* Release */ = {
			isa = XCBuildConfiguration;
			buildSettings = {
				ASSETCATALOG_COMPILER_APPICON_NAME = AppIcon;
				DEVELOPMENT_TEAM = 7QPWGYZXGC;
				INFOPLIST_FILE = GitHub_Test/Info.plist;
				LD_RUNPATH_SEARCH_PATHS = "$(inherited) @executable_path/Frameworks";
				PRODUCT_BUNDLE_IDENTIFIER = "com.qsztx.GitHub-Test";
				PRODUCT_NAME = "$(TARGET_NAME)";
			};
			name = Release;
		};
		52BA5BD11DB85485009A4921 /* Debug */ = {
			isa = XCBuildConfiguration;
			buildSettings = {
				BUNDLE_LOADER = "$(TEST_HOST)";
				DEVELOPMENT_TEAM = 7QPWGYZXGC;
				INFOPLIST_FILE = GitHub_TestTests/Info.plist;
				LD_RUNPATH_SEARCH_PATHS = "$(inherited) @executable_path/Frameworks @loader_path/Frameworks";
				PRODUCT_BUNDLE_IDENTIFIER = "com.qsztx.GitHub-TestTests";
				PRODUCT_NAME = "$(TARGET_NAME)";
				TEST_HOST = "$(BUILT_PRODUCTS_DIR)/GitHub_Test.app/GitHub_Test";
			};
			name = Debug;
		};
		52BA5BD21DB85485009A4921 /* Release */ = {
			isa = XCBuildConfiguration;
			buildSettings = {
				BUNDLE_LOADER = "$(TEST_HOST)";
				DEVELOPMENT_TEAM = 7QPWGYZXGC;
				INFOPLIST_FILE = GitHub_TestTests/Info.plist;
				LD_RUNPATH_SEARCH_PATHS = "$(inherited) @executable_path/Frameworks @loader_path/Frameworks";
				PRODUCT_BUNDLE_IDENTIFIER = "com.qsztx.GitHub-TestTests";
				PRODUCT_NAME = "$(TARGET_NAME)";
				TEST_HOST = "$(BUILT_PRODUCTS_DIR)/GitHub_Test.app/GitHub_Test";
			};
			name = Release;
		};
		52BA5BD41DB85485009A4921 /* Debug */ = {
			isa = XCBuildConfiguration;
			buildSettings = {
				DEVELOPMENT_TEAM = 7QPWGYZXGC;
				INFOPLIST_FILE = GitHub_TestUITests/Info.plist;
				LD_RUNPATH_SEARCH_PATHS = "$(inherited) @executable_path/Frameworks @loader_path/Frameworks";
				PRODUCT_BUNDLE_IDENTIFIER = "com.qsztx.GitHub-TestUITests";
				PRODUCT_NAME = "$(TARGET_NAME)";
				TEST_TARGET_NAME = GitHub_Test;
			};
			name = Debug;
		};
		52BA5BD51DB85485009A4921 /* Release */ = {
			isa = XCBuildConfiguration;
			buildSettings = {
				DEVELOPMENT_TEAM = 7QPWGYZXGC;
				INFOPLIST_FILE = GitHub_TestUITests/Info.plist;
				LD_RUNPATH_SEARCH_PATHS = "$(inherited) @executable_path/Frameworks @loader_path/Frameworks";
				PRODUCT_BUNDLE_IDENTIFIER = "com.qsztx.GitHub-TestUITests";
				PRODUCT_NAME = "$(TARGET_NAME)";
				TEST_TARGET_NAME = GitHub_Test;
			};
			name = Release;
		};
/* End XCBuildConfiguration section */

/* Begin XCConfigurationList section */
		52BA5B9B1DB85485009A4921 /* Build configuration list for PBXProject "GitHub_Test" */ = {
			isa = XCConfigurationList;
			buildConfigurations = (
				52BA5BCB1DB85485009A4921 /* Debug */,
				52BA5BCC1DB85485009A4921 /* Release */,
			);
			defaultConfigurationIsVisible = 0;
			defaultConfigurationName = Release;
		};
		52BA5BCD1DB85485009A4921 /* Build configuration list for PBXNativeTarget "GitHub_Test" */ = {
			isa = XCConfigurationList;
			buildConfigurations = (
				52BA5BCE1DB85485009A4921 /* Debug */,
				52BA5BCF1DB85485009A4921 /* Release */,
			);
			defaultConfigurationIsVisible = 0;
		};
		52BA5BD01DB85485009A4921 /* Build configuration list for PBXNativeTarget "GitHub_TestTests" */ = {
			isa = XCConfigurationList;
			buildConfigurations = (
				52BA5BD11DB85485009A4921 /* Debug */,
				52BA5BD21DB85485009A4921 /* Release */,
			);
			defaultConfigurationIsVisible = 0;
		};
		52BA5BD31DB85485009A4921 /* Build configuration list for PBXNativeTarget "GitHub_TestUITests" */ = {
			isa = XCConfigurationList;
			buildConfigurations = (
				52BA5BD41DB85485009A4921 /* Debug */,
				52BA5BD51DB85485009A4921 /* Release */,
			);
			defaultConfigurationIsVisible = 0;
		};
/* End XCConfigurationList section */
	};
	rootObject = 52BA5B981DB85485009A4921 /* Project object */;
}
